
Microsoft Visual Studio Solution File, Format Version 12.00
# Visual Studio Version 17
VisualStudioVersion = 17.14.37301.10 d17.14
MinimumVisualStudioVersion = 10.0.40219.1
Project("{888888A0-9F3D-457C-B088-3A5042F75D52}") = "python-webapp-poc", "python-webapp-poc\python-webapp-poc.pyproj", "{35B05C98-3892-4542-A12F-E8E57C7F3488}"
EndProject
Global
	GlobalSection(SolutionConfigurationPlatforms) = preSolution
		Debug|Any CPU = Debug|Any CPU
		Release|Any CPU = Release|Any CPU
	EndGlobalSection
	GlobalSection(ProjectConfigurationPlatforms) = postSolution
		{35B05C98-3892-4542-A12F-E8E57C7F3488}.Debug|Any CPU.ActiveCfg = Debug|Any CPU
		{35B05C98-3892-4542-A12F-E8E57C7F3488}.Release|Any CPU.ActiveCfg = Release|Any CPU
	EndGlobalSection
	GlobalSection(SolutionProperties) = preSolution
		HideSolutionNode = FALSE
	EndGlobalSection
	GlobalSection(ExtensibilityGlobals) = postSolution
		SolutionGuid = {4C2A39E0-0BCF-4214-806B-C5207ABC7911}
	EndGlobalSection
EndGlobal
